<?xml version="1.0" encoding="utf-8"?>
<Project ToolsVersion="4.0" xmlns="http://schemas.microsoft.com/developer/msbuild/2003">
  <ItemGroup>
    <Filter Include="Source Files">
      <UniqueIdentifier>{4FC737F1-C7A5-4376-A066-2A32D752A2FF}</UniqueIdentifier>
      <Extensions>cpp;c;cc;cxx;c++;cppm;ixx;def;odl;idl;hpj;bat;asm;asmx</Extensions>
    </Filter>
    <Filter Include="Header Files">
      <UniqueIdentifier>{93995380-89BD-4b04-88EB-625FBE52EBFB}</UniqueIdentifier>
      <Extensions>h;hh;hpp;hxx;h++;hm;inl;inc;ipp;xsd</Extensions>
    </Filter>
    <Filter Include="Resource Files">
      <UniqueIdentifier>{67DA6AB6-F800-4c08-8B7A-83BB121AAD01}</UniqueIdentifier>
      <Extensions>rc;ico;cur;bmp;dlg;rc2;rct;bin;rgs;gif;jpg;jpeg;jpe;resx;tiff;tif;png;wav;mfcribbon-ms</Extensions>
    </Filter>
    <Filter Include="Input Files">
      <UniqueIdentifier>{ad99a892-f2e4-4c45-ae13-cc00aa139eb4}</UniqueIdentifier>
    </Filter>
    <Filter Include="DS Files">
      <UniqueIdentifier>{224b6c99-a645-4c45-ba8b-7eaeaab79def}</UniqueIdentifier>
    </Filter>
    <Filter Include="AlienArmy Files">
      <UniqueIdentifier>{b59e8a0f-f8d2-4f35-b2ca-aaf0f1e7b40c}</UniqueIdentifier>
    </Filter>
    <Filter Include="EarthArmy Files">
      <UniqueIdentifier>{0ec1dde4-20f0-4897-8b57-9e6dd7a84355}</UniqueIdentifier>
    </Filter>
  </ItemGroup>
  <ItemGroup>
    <ClCompile Include="main.cpp">
      <Filter>Source Files</Filter>
    </ClCompile>
    <ClCompile Include="Game.cpp">
      <Filter>Header Files</Filter>
    </ClCompile>
    <ClCompile Include="RandGen.cpp">
      <Filter>Header Files</Filter>
    </ClCompile>
    <ClCompile Include="AlienArmyUnit.cpp">
      <Filter>AlienArmy Files</Filter>
    </ClCompile>
    <ClCompile Include="AlienArmy.cpp">
      <Filter>AlienArmy Files</Filter>
    </ClCompile>
    <ClCompile Include="EarthArmy.cpp">
      <Filter>EarthArmy Files</Filter>
    </ClCompile>
    <ClCompile Include="EarthArmyUnit.cpp">
      <Filter>EarthArmy Files</Filter>
    </ClCompile>
    <ClCompile Include="ArmyUnit.cpp">
      <Filter>Header Files</Filter>
    </ClCompile>
  </ItemGroup>
  <ItemGroup>
    <ClInclude Include="Game.h">
      <Filter>Header Files</Filter>
    </ClInclude>
    <ClInclude Include="RandGen.h">
      <Filter>Header Files</Filter>
    </ClInclude>
    <ClInclude Include="StackADT.h">
      <Filter>DS Files</Filter>
    </ClInclude>
    <ClInclude Include="QueueADT.h">
      <Filter>DS Files</Filter>
    </ClInclude>
    <ClInclude Include="priQueue.h">
      <Filter>DS Files</Filter>
    </ClInclude>
    <ClInclude Include="priNode.h">
      <Filter>DS Files</Filter>
    </ClInclude>
    <ClInclude Include="Node.h">
      <Filter>DS Files</Filter>
    </ClInclude>
    <ClInclude Include="LinkedQueue.h">
      <Filter>DS Files</Filter>
    </ClInclude>
    <ClInclude Include="DLnode.h">
      <Filter>DS Files</Filter>
    </ClInclude>
    <ClInclude Include="Deque.h">
      <Filter>DS Files</Filter>
    </ClInclude>
    <ClInclude Include="ArrayStack.h">
      <Filter>DS Files</Filter>
    </ClInclude>
    <ClInclude Include="AlienArmyUnit.h">
      <Filter>AlienArmy Files</Filter>
    </ClInclude>
    <ClInclude Include="AlienArmy.h">
      <Filter>AlienArmy Files</Filter>
    </ClInclude>
    <ClInclude Include="EarthArmy.h">
      <Filter>EarthArmy Files</Filter>
    </ClInclude>
    <ClInclude Include="EarthArmyUnit.h">
      <Filter>EarthArmy Files</Filter>
    </ClInclude>
    <ClInclude Include="ArmyUnit.h">
      <Filter>Header Files</Filter>
    </ClInclude>
  </ItemGroup>
  <ItemGroup>
    <Text Include="WeakEarth_ModerateAliens.txt">
      <Filter>Input Files</Filter>
    </Text>
    <Text Include="WeakEarth_WeakAliens.txt">
      <Filter>Input Files</Filter>
    </Text>
    <Text Include="WeakEarth_StrongAliens.txt">
      <Filter>Input Files</Filter>
    </Text>
    <Text Include="ModerateEarth_ModerateAliens.txt">
      <Filter>Input Files</Filter>
    </Text>
    <Text Include="StrongEarth_StrongAliens.txt">
      <Filter>Input Files</Filter>
    </Text>
    <Text Include="StrongEarth_WeakAliens.txt">
      <Filter>Input Files</Filter>
    </Text>
    <Text Include="StrongEarth_ModerateAliens.txt">
      <Filter>Input Files</Filter>
    </Text>
  </ItemGroup>
</Project>